
Microsoft Visual Studio Solution File, Format Version 12.00
# Visual Studio Version 17
VisualStudioVersion = 17.8.34330.188
MinimumVisualStudioVersion = 10.0.40219.1
Project("{FAE04EC0-301F-11D3-BF4B-00C04F79EFBC}") = "Sto.Synchronization.SAP_to_SalesForce.Console.Application", "Sto.Synchronization.SAP_to_SalesForce.Console.Application\Sto.Synchronization.SAP_to_SalesForce.Console.Application.csproj", "{CFA7BC6E-9CE9-493D-819A-7135D7D04539}"
EndProject
Project("{FAE04EC0-301F-11D3-BF4B-00C04F79EFBC}") = "Sto.Synchronization.SAP_to_SalesForce.Console.BusinessLogic", "Sto.Synchronization.SAP_to_SalesForce.Console.BusinessLogic\Sto.Synchronization.SAP_to_SalesForce.Console.BusinessLogic.csproj", "{12E3C994-E115-422D-8F04-5AADE983B3E9}"
EndProject
Project("{FAE04EC0-301F-11D3-BF4B-00C04F79EFBC}") = "Sto.Synchronization.SAP_to_SalesForce.Console.Common", "Sto.Synchronization.SAP_to_SalesForce.Console.Common\Sto.Synchronization.SAP_to_SalesForce.Console.Common.csproj", "{863B0A7F-AE25-41BC-928E-BA32F65011C5}"
EndProject
Project("{FAE04EC0-301F-11D3-BF4B-00C04F79EFBC}") = "Sto.Synchronization.SAP_to_SalesForce.Console.External", "Sto.Synchronization.SAP_to_SalesForce.Console.External\Sto.Synchronization.SAP_to_SalesForce.Console.External.csproj", "{728295F8-0122-41DC-AC0A-7BCFDEAD1522}"
EndProject
Project("{FAE04EC0-301F-11D3-BF4B-00C04F79EFBC}") = "Sto.Synchronization.SAP_to_SalesForce.Console.Utility", "Sto.Synchronization.SAP_to_SalesForce.Console.Utility\Sto.Synchronization.SAP_to_SalesForce.Console.Utility.csproj", "{F2837F56-9936-4373-846C-ECD77C309A83}"
EndProject
Global
	GlobalSection(SolutionConfigurationPlatforms) = preSolution
		Debug|Any CPU = Debug|Any CPU
		Release|Any CPU = Release|Any CPU
	EndGlobalSection
	GlobalSection(ProjectConfigurationPlatforms) = postSolution
		{CFA7BC6E-9CE9-493D-819A-7135D7D04539}.Debug|Any CPU.ActiveCfg = Debug|Any CPU
		{CFA7BC6E-9CE9-493D-819A-7135D7D04539}.Debug|Any CPU.Build.0 = Debug|Any CPU
		{CFA7BC6E-9CE9-493D-819A-7135D7D04539}.Release|Any CPU.ActiveCfg = Release|Any CPU
		{CFA7BC6E-9CE9-493D-819A-7135D7D04539}.Release|Any CPU.Build.0 = Release|Any CPU
		{12E3C994-E115-422D-8F04-5AADE983B3E9}.Debug|Any CPU.ActiveCfg = Debug|Any CPU
		{12E3C994-E115-422D-8F04-5AADE983B3E9}.Debug|Any CPU.Build.0 = Debug|Any CPU
		{12E3C994-E115-422D-8F04-5AADE983B3E9}.Release|Any CPU.ActiveCfg = Release|Any CPU
		{12E3C994-E115-422D-8F04-5AADE983B3E9}.Release|Any CPU.Build.0 = Release|Any CPU
		{863B0A7F-AE25-41BC-928E-BA32F65011C5}.Debug|Any CPU.ActiveCfg = Debug|Any CPU
		{863B0A7F-AE25-41BC-928E-BA32F65011C5}.Debug|Any CPU.Build.0 = Debug|Any CPU
		{863B0A7F-AE25-41BC-928E-BA32F65011C5}.Release|Any CPU.ActiveCfg = Release|Any CPU
		{863B0A7F-AE25-41BC-928E-BA32F65011C5}.Release|Any CPU.Build.0 = Release|Any CPU
		{728295F8-0122-41DC-AC0A-7BCFDEAD1522}.Debug|Any CPU.ActiveCfg = Debug|Any CPU
		{728295F8-0122-41DC-AC0A-7BCFDEAD1522}.Debug|Any CPU.Build.0 = Debug|Any CPU
		{728295F8-0122-41DC-AC0A-7BCFDEAD1522}.Release|Any CPU.ActiveCfg = Release|Any CPU
		{728295F8-0122-41DC-AC0A-7BCFDEAD1522}.Release|Any CPU.Build.0 = Release|Any CPU
		{F2837F56-9936-4373-846C-ECD77C309A83}.Debug|Any CPU.ActiveCfg = Debug|Any CPU
		{F2837F56-9936-4373-846C-ECD77C309A83}.Debug|Any CPU.Build.0 = Debug|Any CPU
		{F2837F56-9936-4373-846C-ECD77C309A83}.Release|Any CPU.ActiveCfg = Release|Any CPU
		{F2837F56-9936-4373-846C-ECD77C309A83}.Release|Any CPU.Build.0 = Release|Any CPU
	EndGlobalSection
	GlobalSection(SolutionProperties) = preSolution
		HideSolutionNode = FALSE
	EndGlobalSection
	GlobalSection(ExtensibilityGlobals) = postSolution
		SolutionGuid = {3B02993D-30D9-49AB-8CD4-FE19D69413FB}
	EndGlobalSection
EndGlobal
